// !$*UTF8*$!
{
	archiveVersion = 1;
	classes = {
	};
	objectVersion = 48;
	objects = {

/* Begin PBXBuildFile section */
		1877983221FEE6D200EFA9A7 /* AppDelegate.swift in Sources */ = {isa = PBXBuildFile; fileRef = 1877983121FEE6D200EFA9A7 /* AppDelegate.swift */; };
		1877983421FEE6D200EFA9A7 /* ViewController.swift in Sources */ = {isa = PBXBuildFile; fileRef = 1877983321FEE6D200EFA9A7 /* ViewController.swift */; };
		1877983721FEE6D200EFA9A7 /* Main.storyboard in Resources */ = {isa = PBXBuildFile; fileRef = 1877983521FEE6D200EFA9A7 /* Main.storyboard */; };
		1877983921FEE6D200EFA9A7 /* Assets.xcassets in Resources */ = {isa = PBXBuildFile; fileRef = 1877983821FEE6D200EFA9A7 /* Assets.xcassets */; };
		1877983C21FEE6D200EFA9A7 /* LaunchScreen.storyboard in Resources */ = {isa = PBXBuildFile; fileRef = 1877983A21FEE6D200EFA9A7 /* LaunchScreen.storyboard */; };
		1877984721FEE6D200EFA9A7 /* StopWatchTests.swift in Sources */ = {isa = PBXBuildFile; fileRef = 1877984621FEE6D200EFA9A7 /* StopWatchTests.swift */; };
		1877985221FEE6D200EFA9A7 /* StopWatchUITests.swift in Sources */ = {isa = PBXBuildFile; fileRef = 1877985121FEE6D200EFA9A7 /* StopWatchUITests.swift */; };
/* End PBXBuildFile section */

/* Begin PBXContainerItemProxy section */
		1877984321FEE6D200EFA9A7 /* PBXContainerItemProxy */ = {
			isa = PBXContainerItemProxy;
			containerPortal = 1877982621FEE6D200EFA9A7 /* Project object */;
			proxyType = 1;
			remoteGlobalIDString = 1877982D21FEE6D200EFA9A7;
			remoteInfo = StopWatch;
		};
		1877984E21FEE6D200EFA9A7 /* PBXContainerItemProxy */ = {
			isa = PBXContainerItemProxy;
			containerPortal = 1877982621FEE6D200EFA9A7 /* Project object */;
			proxyType = 1;
			remoteGlobalIDString = 1877982D21FEE6D200EFA9A7;
			remoteInfo = StopWatch;
		};
/* End PBXContainerItemProxy section */

/* Begin PBXFileReference section */
		1877982E21FEE6D200EFA9A7 /* StopWatch.app */ = {isa = PBXFileReference; explicitFileType = wrapper.application; includeInIndex = 0; path = StopWatch.app; sourceTree = BUILT_PRODUCTS_DIR; };
		1877983121FEE6D200EFA9A7 /* AppDelegate.swift */ = {isa = PBXFileReference; lastKnownFileType = sourcecode.swift; path = AppDelegate.swift; sourceTree = "<group>"; };
		1877983321FEE6D200EFA9A7 /* ViewController.swift */ = {isa = PBXFileReference; lastKnownFileType = sourcecode.swift; path = ViewController.swift; sourceTree = "<group>"; };
		1877983621FEE6D200EFA9A7 /* Base */ = {isa = PBXFileReference; lastKnownFileType = file.storyboard; name = Base; path = Base.lproj/Main.storyboard; sourceTree = "<group>"; };
		1877983821FEE6D200EFA9A7 /* Assets.xcassets */ = {isa = PBXFileReference; lastKnownFileType = folder.assetcatalog; path = Assets.xcassets; sourceTree = "<group>"; };
		1877983B21FEE6D200EFA9A7 /* Base */ = {isa = PBXFileReference; lastKnownFileType = file.storyboard; name = Base; path = Base.lproj/LaunchScreen.storyboard; sourceTree = "<group>"; };
		1877983D21FEE6D200EFA9A7 /* Info.plist */ = {isa = PBXFileReference; lastKnownFileType = text.plist.xml; path = Info.plist; sourceTree = "<group>"; };
		1877984221FEE6D200EFA9A7 /* StopWatchTests.xctest */ = {isa = PBXFileReference; explicitFileType = wrapper.cfbundle; includeInIndex = 0; path = StopWatchTests.xctest; sourceTree = BUILT_PRODUCTS_DIR; };
		1877984621FEE6D200EFA9A7 /* StopWatchTests.swift */ = {isa = PBXFileReference; lastKnownFileType = sourcecode.swift; path = StopWatchTests.swift; sourceTree = "<group>"; };
		1877984821FEE6D200EFA9A7 /* Info.plist */ = {isa = PBXFileReference; lastKnownFileType = text.plist.xml; path = Info.plist; sourceTree = "<group>"; };
		1877984D21FEE6D200EFA9A7 /* StopWatchUITests.xctest */ = {isa = PBXFileReference; explicitFileType = wrapper.cfbundle; includeInIndex = 0; path = StopWatchUITests.xctest; sourceTree = BUILT_PRODUCTS_DIR; };
		1877985121FEE6D200EFA9A7 /* StopWatchUITests.swift */ = {isa = PBXFileReference; lastKnownFileType = sourcecode.swift; path = StopWatchUITests.swift; sourceTree = "<group>"; };
		1877985321FEE6D200EFA9A7 /* Info.plist */ = {isa = PBXFileReference; lastKnownFileType = text.plist.xml; path = Info.plist; sourceTree = "<group>"; };
/* End PBXFileReference section */

/* Begin PBXFrameworksBuildPhase section */
		1877982B21FEE6D200EFA9A7 /* Frameworks */ = {
			isa = PBXFrameworksBuildPhase;
			buildActionMask = 2147483647;
			files = (
			);
			runOnlyForDeploymentPostprocessing = 0;
		};
		1877983F21FEE6D200EFA9A7 /* Frameworks */ = {
			isa = PBXFrameworksBuildPhase;
			buildActionMask = 2147483647;
			files = (
			);
			runOnlyForDeploymentPostprocessing = 0;
		};
		1877984A21FEE6D200EFA9A7 /* Frameworks */ = {
			isa = PBXFrameworksBuildPhase;
			buildActionMask = 2147483647;
			files = (
			);
			runOnlyForDeploymentPostprocessing = 0;
		};
/* End PBXFrameworksBuildPhase section */

/* Begin PBXGroup section */
		1877982521FEE6D200EFA9A7 = {
			isa = PBXGroup;
			children = (
				1877983021FEE6D200EFA9A7 /* StopWatch */,
				1877984521FEE6D200EFA9A7 /* StopWatchTests */,
				1877985021FEE6D200EFA9A7 /* StopWatchUITests */,
				1877982F21FEE6D200EFA9A7 /* Products */,
			);
			sourceTree = "<group>";
		};
		1877982F21FEE6D200EFA9A7 /* Products */ = {
			isa = PBXGroup;
			children = (
				1877982E21FEE6D200EFA9A7 /* StopWatch.app */,
				1877984221FEE6D200EFA9A7 /* StopWatchTests.xctest */,
				1877984D21FEE6D200EFA9A7 /* StopWatchUITests.xctest */,
			);
			name = Products;
			sourceTree = "<group>";
		};
		1877983021FEE6D200EFA9A7 /* StopWatch */ = {
			isa = PBXGroup;
			children = (
				1877983121FEE6D200EFA9A7 /* AppDelegate.swift */,
				1877983321FEE6D200EFA9A7 /* ViewController.swift */,
				1877983521FEE6D200EFA9A7 /* Main.storyboard */,
				1877983821FEE6D200EFA9A7 /* Assets.xcassets */,
				1877983A21FEE6D200EFA9A7 /* LaunchScreen.storyboard */,
				1877983D21FEE6D200EFA9A7 /* Info.plist */,
			);
			path = StopWatch;
			sourceTree = "<group>";
		};
		1877984521FEE6D200EFA9A7 /* StopWatchTests */ = {
			isa = PBXGroup;
			children = (
				1877984621FEE6D200EFA9A7 /* StopWatchTests.swift */,
				1877984821FEE6D200EFA9A7 /* Info.plist */,
			);
			path = StopWatchTests;
			sourceTree = "<group>";
		};
		1877985021FEE6D200EFA9A7 /* StopWatchUITests */ = {
			isa = PBXGroup;
			children = (
				1877985121FEE6D200EFA9A7 /* StopWatchUITests.swift */,
				1877985321FEE6D200EFA9A7 /* Info.plist */,
			);
			path = StopWatchUITests;
			sourceTree = "<group>";
		};
/* End PBXGroup section */

/* Begin PBXNativeTarget section */
		1877982D21FEE6D200EFA9A7 /* StopWatch */ = {
			isa = PBXNativeTarget;
			buildConfigurationList = 1877985621FEE6D200EFA9A7 /* Build configuration list for PBXNativeTarget "StopWatch" */;
			buildPhases = (
				1877982A21FEE6D200EFA9A7 /* Sources */,
				1877982B21FEE6D200EFA9A7 /* Frameworks */,
				1877982C21FEE6D200EFA9A7 /* Resources */,
			);
			buildRules = (
			);
			dependencies = (
			);
			name = StopWatch;
			productName = StopWatch;
			productReference = 1877982E21FEE6D200EFA9A7 /* StopWatch.app */;
			productType = "com.apple.product-type.application";
		};
		1877984121FEE6D200EFA9A7 /* StopWatchTests */ = {
			isa = PBXNativeTarget;
			buildConfigurationList = 1877985921FEE6D200EFA9A7 /* Build configuration list for PBXNativeTarget "StopWatchTests" */;
			buildPhases = (
				1877983E21FEE6D200EFA9A7 /* Sources */,
				1877983F21FEE6D200EFA9A7 /* Frameworks */,
				1877984021FEE6D200EFA9A7 /* Resources */,
			);
			buildRules = (
			);
			dependencies = (
				1877984421FEE6D200EFA9A7 /* PBXTargetDependency */,
			);
			name = StopWatchTests;
			productName = StopWatchTests;
			productReference = 1877984221FEE6D200EFA9A7 /* StopWatchTests.xctest */;
			productType = "com.apple.product-type.bundle.unit-test";
		};
		1877984C21FEE6D200EFA9A7 /* StopWatchUITests */ = {
			isa = PBXNativeTarget;
			buildConfigurationList = 1877985C21FEE6D200EFA9A7 /* Build configuration list for PBXNativeTarget "StopWatchUITests" */;
			buildPhases = (
				1877984921FEE6D200EFA9A7 /* Sources */,
				1877984A21FEE6D200EFA9A7 /* Frameworks */,
				1877984B21FEE6D200EFA9A7 /* Resources */,
			);
			buildRules = (
			);
			dependencies = (
				1877984F21FEE6D200EFA9A7 /* PBXTargetDependency */,
			);
			name = StopWatchUITests;
			productName = StopWatchUITests;
			productReference = 1877984D21FEE6D200EFA9A7 /* StopWatchUITests.xctest */;
			productType = "com.apple.product-type.bundle.ui-testing";
		};
/* End PBXNativeTarget section */

/* Begin PBXProject section */
		1877982621FEE6D200EFA9A7 /* Project object */ = {
			isa = PBXProject;
			attributes = {
				LastSwiftUpdateCheck = 0920;
				LastUpgradeCheck = 0920;
				ORGANIZATIONNAME = Apple;
				TargetAttributes = {
					1877982D21FEE6D200EFA9A7 = {
						CreatedOnToolsVersion = 9.2;
						ProvisioningStyle = Automatic;
					};
					1877984121FEE6D200EFA9A7 = {
						CreatedOnToolsVersion = 9.2;
						ProvisioningStyle = Automatic;
						TestTargetID = 1877982D21FEE6D200EFA9A7;
					};
					1877984C21FEE6D200EFA9A7 = {
						CreatedOnToolsVersion = 9.2;
						ProvisioningStyle = Automatic;
						TestTargetID = 1877982D21FEE6D200EFA9A7;
					};
				};
			};
			buildConfigurationList = 1877982921FEE6D200EFA9A7 /* Build configuration list for PBXProject "StopWatch" */;
			compatibilityVersion = "Xcode 8.0";
			developmentRegion = en;
			hasScannedForEncodings = 0;
			knownRegions = (
				en,
				Base,
			);
			mainGroup = 1877982521FEE6D200EFA9A7;
			productRefGroup = 1877982F21FEE6D200EFA9A7 /* Products */;
			projectDirPath = "";
			projectRoot = "";
			targets = (
				1877982D21FEE6D200EFA9A7 /* StopWatch */,
				1877984121FEE6D200EFA9A7 /* StopWatchTests */,
				1877984C21FEE6D200EFA9A7 /* StopWatchUITests */,
			);
		};
/* End PBXProject section */

/* Begin PBXResourcesBuildPhase section */
		1877982C21FEE6D200EFA9A7 /* Resources */ = {
			isa = PBXResourcesBuildPhase;
			buildActionMask = 2147483647;
			files = (
				1877983C21FEE6D200EFA9A7 /* LaunchScreen.storyboard in Resources */,
				1877983921FEE6D200EFA9A7 /* Assets.xcassets in Resources */,
				1877983721FEE6D200EFA9A7 /* Main.storyboard in Resources */,
			);
			runOnlyForDeploymentPostprocessing = 0;
		};
		1877984021FEE6D200EFA9A7 /* Resources */ = {
			isa = PBXResourcesBuildPhase;
			buildActionMask = 2147483647;
			files = (
			);
			runOnlyForDeploymentPostprocessing = 0;
		};
		1877984B21FEE6D200EFA9A7 /* Resources */ = {
			isa = PBXResourcesBuildPhase;
			buildActionMask = 2147483647;
			files = (
			);
			runOnlyForDeploymentPostprocessing = 0;
		};
/* End PBXResourcesBuildPhase section */

/* Begin PBXSourcesBuildPhase section */
		1877982A21FEE6D200EFA9A7 /* Sources */ = {
			isa = PBXSourcesBuildPhase;
			buildActionMask = 2147483647;
			files = (
				1877983421FEE6D200EFA9A7 /* ViewController.swift in Sources */,
				1877983221FEE6D200EFA9A7 /* AppDelegate.swift in Sources */,
			);
			runOnlyForDeploymentPostprocessing = 0;
		};
		1877983E21FEE6D200EFA9A7 /* Sources */ = {
			isa = PBXSourcesBuildPhase;
			buildActionMask = 2147483647;
			files = (
				1877984721FEE6D200EFA9A7 /* StopWatchTests.swift in Sources */,
			);
			runOnlyForDeploymentPostprocessing = 0;
		};
		1877984921FEE6D200EFA9A7 /* Sources */ = {
			isa = PBXSourcesBuildPhase;
			buildActionMask = 2147483647;
			files = (
				1877985221FEE6D200EFA9A7 /* StopWatchUITests.swift in Sources */,
			);
			runOnlyForDeploymentPostprocessing = 0;
		};
/* End PBXSourcesBuildPhase section */

/* Begin PBXTargetDependency section */
		1877984421FEE6D200EFA9A7 /* PBXTargetDependency */ = {
			isa = PBXTargetDependency;
			target = 1877982D21FEE6D200EFA9A7 /* StopWatch */;
			targetProxy = 1877984321FEE6D200EFA9A7 /* PBXContainerItemProxy */;
		};
		1877984F21FEE6D200EFA9A7 /* PBXTargetDependency */ = {
			isa = PBXTargetDependency;
			target = 1877982D21FEE6D200EFA9A7 /* StopWatch */;
			targetProxy = 1877984E21FEE6D200EFA9A7 /* PBXContainerItemProxy */;
		};
/* End PBXTargetDependency section */

/* Begin PBXVariantGroup section */
		1877983521FEE6D200EFA9A7 /* Main.storyboard */ = {
			isa = PBXVariantGroup;
			children = (
				1877983621FEE6D200EFA9A7 /* Base */,
			);
			name = Main.storyboard;
			sourceTree = "<group>";
		};
		1877983A21FEE6D200EFA9A7 /* LaunchScreen.storyboard */ = {
			isa = PBXVariantGroup;
			children = (
				1877983B21FEE6D200EFA9A7 /* Base */,
			);
			name = LaunchScreen.storyboard;
			sourceTree = "<group>";
		};
/* End PBXVariantGroup section */

/* Begin XCBuildConfiguration section */
		1877985421FEE6D200EFA9A7 /* Debug */ = {
			isa = XCBuildConfiguration;
			buildSettings = {
				ALWAYS_SEARCH_USER_PATHS = NO;
				CLANG_ANALYZER_NONNULL = YES;
				CLANG_ANALYZER_NUMBER_OBJECT_CONVERSION = YES_AGGRESSIVE;
				CLANG_CXX_LANGUAGE_STANDARD = "gnu++14";
				CLANG_CXX_LIBRARY = "libc++";
				CLANG_ENABLE_MODULES = YES;
				CLANG_ENABLE_OBJC_ARC = YES;
				CLANG_WARN_BLOCK_CAPTURE_AUTORELEASING = YES;
				CLANG_WARN_BOOL_CONVERSION = YES;
				CLANG_WARN_COMMA = YES;
				CLANG_WARN_CONSTANT_CONVERSION = YES;
				CLANG_WARN_DIRECT_OBJC_ISA_USAGE = YES_ERROR;
				CLANG_WARN_DOCUMENTATION_COMMENTS = YES;
				CLANG_WARN_EMPTY_BODY = YES;
				CLANG_WARN_ENUM_CONVERSION = YES;
				CLANG_WARN_INFINITE_RECURSION = YES;
				CLANG_WARN_INT_CONVERSION = YES;
				CLANG_WARN_NON_LITERAL_NULL_CONVERSION = YES;
				CLANG_WARN_OBJC_LITERAL_CONVERSION = YES;
				CLANG_WARN_OBJC_ROOT_CLASS = YES_ERROR;
				CLANG_WARN_RANGE_LOOP_ANALYSIS = YES;
				CLANG_WARN_STRICT_PROTOTYPES = YES;
				CLANG_WARN_SUSPICIOUS_MOVE = YES;
				CLANG_WARN_UNGUARDED_AVAILABILITY = YES_AGGRESSIVE;
				CLANG_WARN_UNREACHABLE_CODE = YES;
				CLANG_WARN__DUPLICATE_METHOD_MATCH = YES;
				CODE_SIGN_IDENTITY = "iPhone Developer";
				COPY_PHASE_STRIP = NO;
				DEBUG_INFORMATION_FORMAT = dwarf;
				ENABLE_STRICT_OBJC_MSGSEND = YES;
				ENABLE_TESTABILITY = YES;
				GCC_C_LANGUAGE_STANDARD = gnu11;
				GCC_DYNAMIC_NO_PIC = NO;
				GCC_NO_COMMON_BLOCKS = YES;
				GCC_OPTIMIZATION_LEVEL = 0;
				GCC_PREPROCESSOR_DEFINITIONS = (
					"DEBUG=1",
					"$(inherited)",
				);
				GCC_WARN_64_TO_32_BIT_CONVERSION = YES;
				GCC_WARN_ABOUT_RETURN_TYPE = YES_ERROR;
				GCC_WARN_UNDECLARED_SELECTOR = YES;
				GCC_WARN_UNINITIALIZED_AUTOS = YES_AGGRESSIVE;
				GCC_WARN_UNUSED_FUNCTION = YES;
				GCC_WARN_UNUSED_VARIABLE = YES;
				IPHONEOS_DEPLOYMENT_TARGET = 11.2;
				MTL_ENABLE_DEBUG_INFO = YES;
				ONLY_ACTIVE_ARCH = YES;
				SDKROOT = iphoneos;
				SWIFT_ACTIVE_COMPILATION_CONDITIONS = DEBUG;
				SWIFT_OPTIMIZATION_LEVEL = "-Onone";
			};
			name = Debug;
		};
		1877985521FEE6D200EFA9A7 /* Release */ = {
			isa = XCBuildConfiguration;
			buildSettings = {
				ALWAYS_SEARCH_USER_PATHS = NO;
				CLANG_ANALYZER_NONNULL = YES;
				CLANG_ANALYZER_NUMBER_OBJECT_CONVERSION = YES_AGGRESSIVE;
				CLANG_CXX_LANGUAGE_STANDARD = "gnu++14";
				CLANG_CXX_LIBRARY = "libc++";
				CLANG_ENABLE_MODULES = YES;
				CLANG_ENABLE_OBJC_ARC = YES;
				CLANG_WARN_BLOCK_CAPTURE_AUTORELEASING = YES;
				CLANG_WARN_BOOL_CONVERSION = YES;
				CLANG_WARN_COMMA = YES;
				CLANG_WARN_CONSTANT_CONVERSION = YES;
				CLANG_WARN_DIRECT_OBJC_ISA_USAGE = YES_ERROR;
				CLANG_WARN_DOCUMENTATION_COMMENTS = YES;
				CLANG_WARN_EMPTY_BODY = YES;
				CLANG_WARN_ENUM_CONVERSION = YES;
				CLANG_WARN_INFINITE_RECURSION = YES;
				CLANG_WARN_INT_CONVERSION = YES;
				CLANG_WARN_NON_LITERAL_NULL_CONVERSION = YES;
				CLANG_WARN_OBJC_LITERAL_CONVERSION = YES;
				CLANG_WARN_OBJC_ROOT_CLASS = YES_ERROR;
				CLANG_WARN_RANGE_LOOP_ANALYSIS = YES;
				CLANG_WARN_STRICT_PROTOTYPES = YES;
				CLANG_WARN_SUSPICIOUS_MOVE = YES;
				CLANG_WARN_UNGUARDED_AVAILABILITY = YES_AGGRESSIVE;
				CLANG_WARN_UNREACHABLE_CODE = YES;
				CLANG_WARN__DUPLICATE_METHOD_MATCH = YES;
				CODE_SIGN_IDENTITY = "iPhone Developer";
				COPY_PHASE_STRIP = NO;
				DEBUG_INFORMATION_FORMAT = "dwarf-with-dsym";
				ENABLE_NS_ASSERTIONS = NO;
				ENABLE_STRICT_OBJC_MSGSEND = YES;
				GCC_C_LANGUAGE_STANDARD = gnu11;
				GCC_NO_COMMON_BLOCKS = YES;
				GCC_WARN_64_TO_32_BIT_CONVERSION = YES;
				GCC_WARN_ABOUT_RETURN_TYPE = YES_ERROR;
				GCC_WARN_UNDECLARED_SELECTOR = YES;
				GCC_WARN_UNINITIALIZED_AUTOS = YES_AGGRESSIVE;
				GCC_WARN_UNUSED_FUNCTION = YES;
				GCC_WARN_UNUSED_VARIABLE = YES;
				IPHONEOS_DEPLOYMENT_TARGET = 11.2;
				MTL_ENABLE_DEBUG_INFO = NO;
				SDKROOT = iphoneos;
				SWIFT_OPTIMIZATION_LEVEL = "-Owholemodule";
				VALIDATE_PRODUCT = YES;
			};
			name = Release;
		};
		1877985721FEE6D200EFA9A7 /* Debug */ = {
			isa = XCBuildConfiguration;
			buildSettings = {
				ASSETCATALOG_COMPILER_APPICON_NAME = AppIcon;
				CODE_SIGN_STYLE = Automatic;
				INFOPLIST_FILE = StopWatch/Info.plist;
				LD_RUNPATH_SEARCH_PATHS = "$(inherited) @executable_path/Frameworks";
				PRODUCT_BUNDLE_IDENTIFIER = com.Apple.StopWatch;
				PRODUCT_NAME = "$(TARGET_NAME)";
				SWIFT_VERSION = 4.0;
				TARGETED_DEVICE_FAMILY = "1,2";
			};
			name = Debug;
		};
		1877985821FEE6D200EFA9A7 /* Release */ = {
			isa = XCBuildConfiguration;
			buildSettings = {
				ASSETCATALOG_COMPILER_APPICON_NAME = AppIcon;
				CODE_SIGN_STYLE = Automatic;
				INFOPLIST_FILE = StopWatch/Info.plist;
				LD_RUNPATH_SEARCH_PATHS = "$(inherited) @executable_path/Frameworks";
				PRODUCT_BUNDLE_IDENTIFIER = com.Apple.StopWatch;
				PRODUCT_NAME = "$(TARGET_NAME)";
				SWIFT_VERSION = 4.0;
				TARGETED_DEVICE_FAMILY = "1,2";
			};
			name = Release;
		};
		1877985A21FEE6D200EFA9A7 /* Debug */ = {
			isa = XCBuildConfiguration;
			buildSettings = {
				ALWAYS_EMBED_SWIFT_STANDARD_LIBRARIES = YES;
				BUNDLE_LOADER = "$(TEST_HOST)";
				CODE_SIGN_STYLE = Automatic;
				INFOPLIST_FILE = StopWatchTests/Info.plist;
				LD_RUNPATH_SEARCH_PATHS = "$(inherited) @executable_path/Frameworks @loader_path/Frameworks";
				PRODUCT_BUNDLE_IDENTIFIER = com.Apple.StopWatchTests;
				PRODUCT_NAME = "$(TARGET_NAME)";
				SWIFT_VERSION = 4.0;
				TARGETED_DEVICE_FAMILY = "1,2";
				TEST_HOST = "$(BUILT_PRODUCTS_DIR)/StopWatch.app/StopWatch";
			};
			name = Debug;
		};
		1877985B21FEE6D200EFA9A7 /* Release */ = {
			isa = XCBuildConfiguration;
			buildSettings = {
				ALWAYS_EMBED_SWIFT_STANDARD_LIBRARIES = YES;
				BUNDLE_LOADER = "$(TEST_HOST)";
				CODE_SIGN_STYLE = Automatic;
				INFOPLIST_FILE = StopWatchTests/Info.plist;
				LD_RUNPATH_SEARCH_PATHS = "$(inherited) @executable_path/Frameworks @loader_path/Frameworks";
				PRODUCT_BUNDLE_IDENTIFIER = com.Apple.StopWatchTests;
				PRODUCT_NAME = "$(TARGET_NAME)";
				SWIFT_VERSION = 4.0;
				TARGETED_DEVICE_FAMILY = "1,2";
				TEST_HOST = "$(BUILT_PRODUCTS_DIR)/StopWatch.app/StopWatch";
			};
			name = Release;
		};
		1877985D21FEE6D200EFA9A7 /* Debug */ = {
			isa = XCBuildConfiguration;
			buildSettings = {
				ALWAYS_EMBED_SWIFT_STANDARD_LIBRARIES = YES;
				CODE_SIGN_STYLE = Automatic;
				INFOPLIST_FILE = StopWatchUITests/Info.plist;
				LD_RUNPATH_SEARCH_PATHS = "$(inherited) @executable_path/Frameworks @loader_path/Frameworks";
				PRODUCT_BUNDLE_IDENTIFIER = com.Apple.StopWatchUITests;
				PRODUCT_NAME = "$(TARGET_NAME)";
				SWIFT_VERSION = 4.0;
				TARGETED_DEVICE_FAMILY = "1,2";
				TEST_TARGET_NAME = StopWatch;
			};
			name = Debug;
		};
		1877985E21FEE6D200EFA9A7 /* Release */ = {
			isa = XCBuildConfiguration;
			buildSettings = {
				ALWAYS_EMBED_SWIFT_STANDARD_LIBRARIES = YES;
				CODE_SIGN_STYLE = Automatic;
				INFOPLIST_FILE = StopWatchUITests/Info.plist;
				LD_RUNPATH_SEARCH_PATHS = "$(inherited) @executable_path/Frameworks @loader_path/Frameworks";
				PRODUCT_BUNDLE_IDENTIFIER = com.Apple.StopWatchUITests;
				PRODUCT_NAME = "$(TARGET_NAME)";
				SWIFT_VERSION = 4.0;
				TARGETED_DEVICE_FAMILY = "1,2";
				TEST_TARGET_NAME = StopWatch;
			};
			name = Release;
		};
/* End XCBuildConfiguration section */

/* Begin XCConfigurationList section */
		1877982921FEE6D200EFA9A7 /* Build configuration list for PBXProject "StopWatch" */ = {
			isa = XCConfigurationList;
			buildConfigurations = (
				1877985421FEE6D200EFA9A7 /* Debug */,
				1877985521FEE6D200EFA9A7 /* Release */,
			);
			defaultConfigurationIsVisible = 0;
			defaultConfigurationName = Release;
		};
		1877985621FEE6D200EFA9A7 /* Build configuration list for PBXNativeTarget "StopWatch" */ = {
			isa = XCConfigurationList;
			buildConfigurations = (
				1877985721FEE6D200EFA9A7 /* Debug */,
				1877985821FEE6D200EFA9A7 /* Release */,
			);
			defaultConfigurationIsVisible = 0;
			defaultConfigurationName = Release;
		};
		1877985921FEE6D200EFA9A7 /* Build configuration list for PBXNativeTarget "StopWatchTests" */ = {
			isa = XCConfigurationList;
			buildConfigurations = (
				1877985A21FEE6D200EFA9A7 /* Debug */,
				1877985B21FEE6D200EFA9A7 /* Release */,
			);
			defaultConfigurationIsVisible = 0;
			defaultConfigurationName = Release;
		};
		1877985C21FEE6D200EFA9A7 /* Build configuration list for PBXNativeTarget "StopWatchUITests" */ = {
			isa = XCConfigurationList;
			buildConfigurations = (
				1877985D21FEE6D200EFA9A7 /* Debug */,
				1877985E21FEE6D200EFA9A7 /* Release */,
			);
			defaultConfigurationIsVisible = 0;
			defaultConfigurationName = Release;
		};
/* End XCConfigurationList section */
	};
	rootObject = 1877982621FEE6D200EFA9A7 /* Project object */;
}
